// !$*UTF8*$!
{
	archiveVersion = 1;
	classes = {
	};
	objectVersion = 55;
	objects = {

/* Begin PBXBuildFile section */
		2ADD84C338BFAF56A6816897 /* Pods_Flechazo.framework in Frameworks */ = {isa = PBXBuildFile; fileRef = 4174AA0A5AFE3DE741BAA84C /* Pods_Flechazo.framework */; };
		3D351A6D275C982500419371 /* BasicModel.swift in Sources */ = {isa = PBXBuildFile; fileRef = 3D351A6C275C982500419371 /* BasicModel.swift */; };
		3DE47BD9274946A20064582D /* AppDelegate.swift in Sources */ = {isa = PBXBuildFile; fileRef = 3DE47BD8274946A20064582D /* AppDelegate.swift */; };
		3DE47BDB274946A20064582D /* SceneDelegate.swift in Sources */ = {isa = PBXBuildFile; fileRef = 3DE47BDA274946A20064582D /* SceneDelegate.swift */; };
		3DE47BDD274946A20064582D /* ViewController.swift in Sources */ = {isa = PBXBuildFile; fileRef = 3DE47BDC274946A20064582D /* ViewController.swift */; };
		3DE47BE0274946A20064582D /* Main.storyboard in Resources */ = {isa = PBXBuildFile; fileRef = 3DE47BDE274946A20064582D /* Main.storyboard */; };
		3DE47BE3274946A20064582D /* Flechazo.xcdatamodeld in Sources */ = {isa = PBXBuildFile; fileRef = 3DE47BE1274946A20064582D /* Flechazo.xcdatamodeld */; };
		3DE47BE5274946A30064582D /* Assets.xcassets in Resources */ = {isa = PBXBuildFile; fileRef = 3DE47BE4274946A30064582D /* Assets.xcassets */; };
		3DE47BE8274946A30064582D /* LaunchScreen.storyboard in Resources */ = {isa = PBXBuildFile; fileRef = 3DE47BE6274946A30064582D /* LaunchScreen.storyboard */; };
/* End PBXBuildFile section */

/* Begin PBXFileReference section */
		09E1E38CF2D3FABEF5EEE7EE /* Pods-Flechazo.debug.xcconfig */ = {isa = PBXFileReference; includeInIndex = 1; lastKnownFileType = text.xcconfig; name = "Pods-Flechazo.debug.xcconfig"; path = "Target Support Files/Pods-Flechazo/Pods-Flechazo.debug.xcconfig"; sourceTree = "<group>"; };
		3D351A6C275C982500419371 /* BasicModel.swift */ = {isa = PBXFileReference; lastKnownFileType = sourcecode.swift; path = BasicModel.swift; sourceTree = "<group>"; };
		3DE47BD5274946A20064582D /* Flechazo.app */ = {isa = PBXFileReference; explicitFileType = wrapper.application; includeInIndex = 0; path = Flechazo.app; sourceTree = BUILT_PRODUCTS_DIR; };
		3DE47BD8274946A20064582D /* AppDelegate.swift */ = {isa = PBXFileReference; lastKnownFileType = sourcecode.swift; path = AppDelegate.swift; sourceTree = "<group>"; };
		3DE47BDA274946A20064582D /* SceneDelegate.swift */ = {isa = PBXFileReference; lastKnownFileType = sourcecode.swift; path = SceneDelegate.swift; sourceTree = "<group>"; };
		3DE47BDC274946A20064582D /* ViewController.swift */ = {isa = PBXFileReference; lastKnownFileType = sourcecode.swift; path = ViewController.swift; sourceTree = "<group>"; };
		3DE47BDF274946A20064582D /* Base */ = {isa = PBXFileReference; lastKnownFileType = file.storyboard; name = Base; path = Base.lproj/Main.storyboard; sourceTree = "<group>"; };
		3DE47BE2274946A20064582D /* Flechazo.xcdatamodel */ = {isa = PBXFileReference; lastKnownFileType = wrapper.xcdatamodel; path = Flechazo.xcdatamodel; sourceTree = "<group>"; };
		3DE47BE4274946A30064582D /* Assets.xcassets */ = {isa = PBXFileReference; lastKnownFileType = folder.assetcatalog; path = Assets.xcassets; sourceTree = "<group>"; };
		3DE47BE7274946A30064582D /* Base */ = {isa = PBXFileReference; lastKnownFileType = file.storyboard; name = Base; path = Base.lproj/LaunchScreen.storyboard; sourceTree = "<group>"; };
		3DE47BE9274946A30064582D /* Info.plist */ = {isa = PBXFileReference; lastKnownFileType = text.plist.xml; path = Info.plist; sourceTree = "<group>"; };
		4174AA0A5AFE3DE741BAA84C /* Pods_Flechazo.framework */ = {isa = PBXFileReference; explicitFileType = wrapper.framework; includeInIndex = 0; path = Pods_Flechazo.framework; sourceTree = BUILT_PRODUCTS_DIR; };
		91C2EEDD263C35A936ABB203 /* Pods-Flechazo.release.xcconfig */ = {isa = PBXFileReference; includeInIndex = 1; lastKnownFileType = text.xcconfig; name = "Pods-Flechazo.release.xcconfig"; path = "Target Support Files/Pods-Flechazo/Pods-Flechazo.release.xcconfig"; sourceTree = "<group>"; };
/* End PBXFileReference section */

/* Begin PBXFrameworksBuildPhase section */
		3DE47BD2274946A20064582D /* Frameworks */ = {
			isa = PBXFrameworksBuildPhase;
			buildActionMask = 2147483647;
			files = (
				2ADD84C338BFAF56A6816897 /* Pods_Flechazo.framework in Frameworks */,
			);
			runOnlyForDeploymentPostprocessing = 0;
		};
/* End PBXFrameworksBuildPhase section */

/* Begin PBXGroup section */
		3D351A6B275C93E400419371 /* RxSwift */ = {
			isa = PBXGroup;
			children = (
				3D351A6C275C982500419371 /* BasicModel.swift */,
			);
			path = RxSwift;
			sourceTree = "<group>";
		};
		3DE47BCC274946A20064582D = {
			isa = PBXGroup;
			children = (
				3DE47BD7274946A20064582D /* Flechazo */,
				3DE47BD6274946A20064582D /* Products */,
				B598B8BFDB8570C4ED80BD36 /* Pods */,
				B38F219966BB3F3020158A85 /* Frameworks */,
			);
			sourceTree = "<group>";
		};
		3DE47BD6274946A20064582D /* Products */ = {
			isa = PBXGroup;
			children = (
				3DE47BD5274946A20064582D /* Flechazo.app */,
			);
			name = Products;
			sourceTree = "<group>";
		};
		3DE47BD7274946A20064582D /* Flechazo */ = {
			isa = PBXGroup;
			children = (
				3D351A6B275C93E400419371 /* RxSwift */,
				3DE47BD8274946A20064582D /* AppDelegate.swift */,
				3DE47BDA274946A20064582D /* SceneDelegate.swift */,
				3DE47BDC274946A20064582D /* ViewController.swift */,
				3DE47BDE274946A20064582D /* Main.storyboard */,
				3DE47BE4274946A30064582D /* Assets.xcassets */,
				3DE47BE6274946A30064582D /* LaunchScreen.storyboard */,
				3DE47BE9274946A30064582D /* Info.plist */,
				3DE47BE1274946A20064582D /* Flechazo.xcdatamodeld */,
			);
			path = Flechazo;
			sourceTree = "<group>";
		};
		B38F219966BB3F3020158A85 /* Frameworks */ = {
			isa = PBXGroup;
			children = (
				4174AA0A5AFE3DE741BAA84C /* Pods_Flechazo.framework */,
			);
			name = Frameworks;
			sourceTree = "<group>";
		};
		B598B8BFDB8570C4ED80BD36 /* Pods */ = {
			isa = PBXGroup;
			children = (
				09E1E38CF2D3FABEF5EEE7EE /* Pods-Flechazo.debug.xcconfig */,
				91C2EEDD263C35A936ABB203 /* Pods-Flechazo.release.xcconfig */,
			);
			path = Pods;
			sourceTree = "<group>";
		};
/* End PBXGroup section */

/* Begin PBXNativeTarget section */
		3DE47BD4274946A20064582D /* Flechazo */ = {
			isa = PBXNativeTarget;
			buildConfigurationList = 3DE47BEC274946A30064582D /* Build configuration list for PBXNativeTarget "Flechazo" */;
			buildPhases = (
				717F504E4968F64C3D0290C9 /* [CP] Check Pods Manifest.lock */,
				3DE47BD1274946A20064582D /* Sources */,
				3DE47BD2274946A20064582D /* Frameworks */,
				3DE47BD3274946A20064582D /* Resources */,
				762683C50701D93679FA920A /* [CP] Embed Pods Frameworks */,
			);
			buildRules = (
			);
			dependencies = (
			);
			name = Flechazo;
			productName = Flechazo;
			productReference = 3DE47BD5274946A20064582D /* Flechazo.app */;
			productType = "com.apple.product-type.application";
		};
/* End PBXNativeTarget section */

/* Begin PBXProject section */
		3DE47BCD274946A20064582D /* Project object */ = {
			isa = PBXProject;
			attributes = {
				BuildIndependentTargetsInParallel = 1;
				LastSwiftUpdateCheck = 1310;
				LastUpgradeCheck = 1310;
				TargetAttributes = {
					3DE47BD4274946A20064582D = {
						CreatedOnToolsVersion = 13.1;
					};
				};
			};
			buildConfigurationList = 3DE47BD0274946A20064582D /* Build configuration list for PBXProject "Flechazo" */;
			compatibilityVersion = "Xcode 13.0";
			developmentRegion = en;
			hasScannedForEncodings = 0;
			knownRegions = (
				en,
				Base,
			);
			mainGroup = 3DE47BCC274946A20064582D;
			productRefGroup = 3DE47BD6274946A20064582D /* Products */;
			projectDirPath = "";
			projectRoot = "";
			targets = (
				3DE47BD4274946A20064582D /* Flechazo */,
			);
		};
/* End PBXProject section */

/* Begin PBXResourcesBuildPhase section */
		3DE47BD3274946A20064582D /* Resources */ = {
			isa = PBXResourcesBuildPhase;
			buildActionMask = 2147483647;
			files = (
				3DE47BE8274946A30064582D /* LaunchScreen.storyboard in Resources */,
				3DE47BE5274946A30064582D /* Assets.xcassets in Resources */,
				3DE47BE0274946A20064582D /* Main.storyboard in Resources */,
			);
			runOnlyForDeploymentPostprocessing = 0;
		};
/* End PBXResourcesBuildPhase section */

/* Begin PBXShellScriptBuildPhase section */
		717F504E4968F64C3D0290C9 /* [CP] Check Pods Manifest.lock */ = {
			isa = PBXShellScriptBuildPhase;
			buildActionMask = 2147483647;
			files = (
			);
			inputFileListPaths = (
			);
			inputPaths = (
				"${PODS_PODFILE_DIR_PATH}/Podfile.lock",
				"${PODS_ROOT}/Manifest.lock",
			);
			name = "[CP] Check Pods Manifest.lock";
			outputFileListPaths = (
			);
			outputPaths = (
				"$(DERIVED_FILE_DIR)/Pods-Flechazo-checkManifestLockResult.txt",
			);
			runOnlyForDeploymentPostprocessing = 0;
			shellPath = /bin/sh;
			shellScript = "diff \"${PODS_PODFILE_DIR_PATH}/Podfile.lock\" \"${PODS_ROOT}/Manifest.lock\" > /dev/null\nif [ $? != 0 ] ; then\n    # print error to STDERR\n    echo \"error: The sandbox is not in sync with the Podfile.lock. Run 'pod install' or update your CocoaPods installation.\" >&2\n    exit 1\nfi\n# This output is used by Xcode 'outputs' to avoid re-running this script phase.\necho \"SUCCESS\" > \"${SCRIPT_OUTPUT_FILE_0}\"\n";
			showEnvVarsInLog = 0;
		};
		762683C50701D93679FA920A /* [CP] Embed Pods Frameworks */ = {
			isa = PBXShellScriptBuildPhase;
			buildActionMask = 2147483647;
			files = (
			);
			inputFileListPaths = (
				"${PODS_ROOT}/Target Support Files/Pods-Flechazo/Pods-Flechazo-frameworks-${CONFIGURATION}-input-files.xcfilelist",
			);
			name = "[CP] Embed Pods Frameworks";
			outputFileListPaths = (
				"${PODS_ROOT}/Target Support Files/Pods-Flechazo/Pods-Flechazo-frameworks-${CONFIGURATION}-output-files.xcfilelist",
			);
			runOnlyForDeploymentPostprocessing = 0;
			shellPath = /bin/sh;
			shellScript = "\"${PODS_ROOT}/Target Support Files/Pods-Flechazo/Pods-Flechazo-frameworks.sh\"\n";
			showEnvVarsInLog = 0;
		};
/* End PBXShellScriptBuildPhase section */

/* Begin PBXSourcesBuildPhase section */
		3DE47BD1274946A20064582D /* Sources */ = {
			isa = PBXSourcesBuildPhase;
			buildActionMask = 2147483647;
			files = (
				3DE47BDD274946A20064582D /* ViewController.swift in Sources */,
				3D351A6D275C982500419371 /* BasicModel.swift in Sources */,
				3DE47BE3274946A20064582D /* Flechazo.xcdatamodeld in Sources */,
				3DE47BD9274946A20064582D /* AppDelegate.swift in Sources */,
				3DE47BDB274946A20064582D /* SceneDelegate.swift in Sources */,
			);
			runOnlyForDeploymentPostprocessing = 0;
		};
/* End PBXSourcesBuildPhase section */

/* Begin PBXVariantGroup section */
		3DE47BDE274946A20064582D /* Main.storyboard */ = {
			isa = PBXVariantGroup;
			children = (
				3DE47BDF274946A20064582D /* Base */,
			);
			name = Main.storyboard;
			sourceTree = "<group>";
		};
		3DE47BE6274946A30064582D /* LaunchScreen.storyboard */ = {
			isa = PBXVariantGroup;
			children = (
				3DE47BE7274946A30064582D /* Base */,
			);
			name = LaunchScreen.storyboard;
			sourceTree = "<group>";
		};
/* End PBXVariantGroup section */

/* Begin XCBuildConfiguration section */
		3DE47BEA274946A30064582D /* Debug */ = {
			isa = XCBuildConfiguration;
			buildSettings = {
				ALWAYS_SEARCH_USER_PATHS = NO;
				CLANG_ANALYZER_NONNULL = YES;
				CLANG_ANALYZER_NUMBER_OBJECT_CONVERSION = YES_AGGRESSIVE;
				CLANG_CXX_LANGUAGE_STANDARD = "gnu++17";
				CLANG_CXX_LIBRARY = "libc++";
				CLANG_ENABLE_MODULES = YES;
				CLANG_ENABLE_OBJC_ARC = YES;
				CLANG_ENABLE_OBJC_WEAK = YES;
				CLANG_WARN_BLOCK_CAPTURE_AUTORELEASING = YES;
				CLANG_WARN_BOOL_CONVERSION = YES;
				CLANG_WARN_COMMA = YES;
				CLANG_WARN_CONSTANT_CONVERSION = YES;
				CLANG_WARN_DEPRECATED_OBJC_IMPLEMENTATIONS = YES;
				CLANG_WARN_DIRECT_OBJC_ISA_USAGE = YES_ERROR;
				CLANG_WARN_DOCUMENTATION_COMMENTS = YES;
				CLANG_WARN_EMPTY_BODY = YES;
				CLANG_WARN_ENUM_CONVERSION = YES;
				CLANG_WARN_INFINITE_RECURSION = YES;
				CLANG_WARN_INT_CONVERSION = YES;
				CLANG_WARN_NON_LITERAL_NULL_CONVERSION = YES;
				CLANG_WARN_OBJC_IMPLICIT_RETAIN_SELF = YES;
				CLANG_WARN_OBJC_LITERAL_CONVERSION = YES;
				CLANG_WARN_OBJC_ROOT_CLASS = YES_ERROR;
				CLANG_WARN_QUOTED_INCLUDE_IN_FRAMEWORK_HEADER = YES;
				CLANG_WARN_RANGE_LOOP_ANALYSIS = YES;
				CLANG_WARN_STRICT_PROTOTYPES = YES;
				CLANG_WARN_SUSPICIOUS_MOVE = YES;
				CLANG_WARN_UNGUARDED_AVAILABILITY = YES_AGGRESSIVE;
				CLANG_WARN_UNREACHABLE_CODE = YES;
				CLANG_WARN__DUPLICATE_METHOD_MATCH = YES;
				COPY_PHASE_STRIP = NO;
				DEBUG_INFORMATION_FORMAT = dwarf;
				ENABLE_STRICT_OBJC_MSGSEND = YES;
				ENABLE_TESTABILITY = YES;
				GCC_C_LANGUAGE_STANDARD = gnu11;
				GCC_DYNAMIC_NO_PIC = NO;
				GCC_NO_COMMON_BLOCKS = YES;
				GCC_OPTIMIZATION_LEVEL = 0;
				GCC_PREPROCESSOR_DEFINITIONS = (
					"DEBUG=1",
					"$(inherited)",
				);
				GCC_WARN_64_TO_32_BIT_CONVERSION = YES;
				GCC_WARN_ABOUT_RETURN_TYPE = YES_ERROR;
				GCC_WARN_UNDECLARED_SELECTOR = YES;
				GCC_WARN_UNINITIALIZED_AUTOS = YES_AGGRESSIVE;
				GCC_WARN_UNUSED_FUNCTION = YES;
				GCC_WARN_UNUSED_VARIABLE = YES;
				IPHONEOS_DEPLOYMENT_TARGET = 15.0;
				MTL_ENABLE_DEBUG_INFO = INCLUDE_SOURCE;
				MTL_FAST_MATH = YES;
				ONLY_ACTIVE_ARCH = YES;
				SDKROOT = iphoneos;
				SWIFT_ACTIVE_COMPILATION_CONDITIONS = DEBUG;
				SWIFT_OPTIMIZATION_LEVEL = "-Onone";
			};
			name = Debug;
		};
		3DE47BEB274946A30064582D /* Release */ = {
			isa = XCBuildConfiguration;
			buildSettings = {
				ALWAYS_SEARCH_USER_PATHS = NO;
				CLANG_ANALYZER_NONNULL = YES;
				CLANG_ANALYZER_NUMBER_OBJECT_CONVERSION = YES_AGGRESSIVE;
				CLANG_CXX_LANGUAGE_STANDARD = "gnu++17";
				CLANG_CXX_LIBRARY = "libc++";
				CLANG_ENABLE_MODULES = YES;
				CLANG_ENABLE_OBJC_ARC = YES;
				CLANG_ENABLE_OBJC_WEAK = YES;
				CLANG_WARN_BLOCK_CAPTURE_AUTORELEASING = YES;
				CLANG_WARN_BOOL_CONVERSION = YES;
				CLANG_WARN_COMMA = YES;
				CLANG_WARN_CONSTANT_CONVERSION = YES;
				CLANG_WARN_DEPRECATED_OBJC_IMPLEMENTATIONS = YES;
				CLANG_WARN_DIRECT_OBJC_ISA_USAGE = YES_ERROR;
				CLANG_WARN_DOCUMENTATION_COMMENTS = YES;
				CLANG_WARN_EMPTY_BODY = YES;
				CLANG_WARN_ENUM_CONVERSION = YES;
				CLANG_WARN_INFINITE_RECURSION = YES;
				CLANG_WARN_INT_CONVERSION = YES;
				CLANG_WARN_NON_LITERAL_NULL_CONVERSION = YES;
				CLANG_WARN_OBJC_IMPLICIT_RETAIN_SELF = YES;
				CLANG_WARN_OBJC_LITERAL_CONVERSION = YES;
				CLANG_WARN_OBJC_ROOT_CLASS = YES_ERROR;
				CLANG_WARN_QUOTED_INCLUDE_IN_FRAMEWORK_HEADER = YES;
				CLANG_WARN_RANGE_LOOP_ANALYSIS = YES;
				CLANG_WARN_STRICT_PROTOTYPES = YES;
				CLANG_WARN_SUSPICIOUS_MOVE = YES;
				CLANG_WARN_UNGUARDED_AVAILABILITY = YES_AGGRESSIVE;
				CLANG_WARN_UNREACHABLE_CODE = YES;
				CLANG_WARN__DUPLICATE_METHOD_MATCH = YES;
				COPY_PHASE_STRIP = NO;
				DEBUG_INFORMATION_FORMAT = "dwarf-with-dsym";
				ENABLE_NS_ASSERTIONS = NO;
				ENABLE_STRICT_OBJC_MSGSEND = YES;
				GCC_C_LANGUAGE_STANDARD = gnu11;
				GCC_NO_COMMON_BLOCKS = YES;
				GCC_WARN_64_TO_32_BIT_CONVERSION = YES;
				GCC_WARN_ABOUT_RETURN_TYPE = YES_ERROR;
				GCC_WARN_UNDECLARED_SELECTOR = YES;
				GCC_WARN_UNINITIALIZED_AUTOS = YES_AGGRESSIVE;
				GCC_WARN_UNUSED_FUNCTION = YES;
				GCC_WARN_UNUSED_VARIABLE = YES;
				IPHONEOS_DEPLOYMENT_TARGET = 15.0;
				MTL_ENABLE_DEBUG_INFO = NO;
				MTL_FAST_MATH = YES;
				SDKROOT = iphoneos;
				SWIFT_COMPILATION_MODE = wholemodule;
				SWIFT_OPTIMIZATION_LEVEL = "-O";
				VALIDATE_PRODUCT = YES;
			};
			name = Release;
		};
		3DE47BED274946A30064582D /* Debug */ = {
			isa = XCBuildConfiguration;
			baseConfigurationReference = 09E1E38CF2D3FABEF5EEE7EE /* Pods-Flechazo.debug.xcconfig */;
			buildSettings = {
				ASSETCATALOG_COMPILER_APPICON_NAME = AppIcon;
				ASSETCATALOG_COMPILER_GLOBAL_ACCENT_COLOR_NAME = AccentColor;
				CODE_SIGN_STYLE = Automatic;
				CURRENT_PROJECT_VERSION = 1;
				DEVELOPMENT_TEAM = ZJ4V2D4H84;
				GENERATE_INFOPLIST_FILE = YES;
				INFOPLIST_FILE = Flechazo/Info.plist;
				INFOPLIST_KEY_UIApplicationSupportsIndirectInputEvents = YES;
				INFOPLIST_KEY_UILaunchStoryboardName = LaunchScreen;
				INFOPLIST_KEY_UIMainStoryboardFile = Main;
				INFOPLIST_KEY_UISupportedInterfaceOrientations_iPad = "UIInterfaceOrientationPortrait UIInterfaceOrientationPortraitUpsideDown UIInterfaceOrientationLandscapeLeft UIInterfaceOrientationLandscapeRight";
				INFOPLIST_KEY_UISupportedInterfaceOrientations_iPhone = "UIInterfaceOrientationPortrait UIInterfaceOrientationLandscapeLeft UIInterfaceOrientationLandscapeRight";
				LD_RUNPATH_SEARCH_PATHS = (
					"$(inherited)",
					"@executable_path/Frameworks",
				);
				MARKETING_VERSION = 1.0;
				PRODUCT_BUNDLE_IDENTIFIER = yxdz.Flechazo;
				PRODUCT_NAME = "$(TARGET_NAME)";
				SWIFT_EMIT_LOC_STRINGS = YES;
				SWIFT_VERSION = 5.0;
				TARGETED_DEVICE_FAMILY = "1,2";
			};
			name = Debug;
		};
		3DE47BEE274946A30064582D /* Release */ = {
			isa = XCBuildConfiguration;
			baseConfigurationReference = 91C2EEDD263C35A936ABB203 /* Pods-Flechazo.release.xcconfig */;
			buildSettings = {
				ASSETCATALOG_COMPILER_APPICON_NAME = AppIcon;
				ASSETCATALOG_COMPILER_GLOBAL_ACCENT_COLOR_NAME = AccentColor;
				CODE_SIGN_STYLE = Automatic;
				CURRENT_PROJECT_VERSION = 1;
				DEVELOPMENT_TEAM = ZJ4V2D4H84;
				GENERATE_INFOPLIST_FILE = YES;
				INFOPLIST_FILE = Flechazo/Info.plist;
				INFOPLIST_KEY_UIApplicationSupportsIndirectInputEvents = YES;
				INFOPLIST_KEY_UILaunchStoryboardName = LaunchScreen;
				INFOPLIST_KEY_UIMainStoryboardFile = Main;
				INFOPLIST_KEY_UISupportedInterfaceOrientations_iPad = "UIInterfaceOrientationPortrait UIInterfaceOrientationPortraitUpsideDown UIInterfaceOrientationLandscapeLeft UIInterfaceOrientationLandscapeRight";
				INFOPLIST_KEY_UISupportedInterfaceOrientations_iPhone = "UIInterfaceOrientationPortrait UIInterfaceOrientationLandscapeLeft UIInterfaceOrientationLandscapeRight";
				LD_RUNPATH_SEARCH_PATHS = (
					"$(inherited)",
					"@executable_path/Frameworks",
				);
				MARKETING_VERSION = 1.0;
				PRODUCT_BUNDLE_IDENTIFIER = yxdz.Flechazo;
				PRODUCT_NAME = "$(TARGET_NAME)";
				SWIFT_EMIT_LOC_STRINGS = YES;
				SWIFT_VERSION = 5.0;
				TARGETED_DEVICE_FAMILY = "1,2";
			};
			name = Release;
		};
/* End XCBuildConfiguration section */

/* Begin XCConfigurationList section */
		3DE47BD0274946A20064582D /* Build configuration list for PBXProject "Flechazo" */ = {
			isa = XCConfigurationList;
			buildConfigurations = (
				3DE47BEA274946A30064582D /* Debug */,
				3DE47BEB274946A30064582D /* Release */,
			);
			defaultConfigurationIsVisible = 0;
			defaultConfigurationName = Release;
		};
		3DE47BEC274946A30064582D /* Build configuration list for PBXNativeTarget "Flechazo" */ = {
			isa = XCConfigurationList;
			buildConfigurations = (
				3DE47BED274946A30064582D /* Debug */,
				3DE47BEE274946A30064582D /* Release */,
			);
			defaultConfigurationIsVisible = 0;
			defaultConfigurationName = Release;
		};
/* End XCConfigurationList section */

/* Begin XCVersionGroup section */
		3DE47BE1274946A20064582D /* Flechazo.xcdatamodeld */ = {
			isa = XCVersionGroup;
			children = (
				3DE47BE2274946A20064582D /* Flechazo.xcdatamodel */,
			);
			currentVersion = 3DE47BE2274946A20064582D /* Flechazo.xcdatamodel */;
			path = Flechazo.xcdatamodeld;
			sourceTree = "<group>";
			versionGroupType = wrapper.xcdatamodel;
		};
/* End XCVersionGroup section */
	};
	rootObject = 3DE47BCD274946A20064582D /* Project object */;
}
